<?xml version="1.0" encoding="utf-8"?>
<Project ToolsVersion="4.0" xmlns="http://schemas.microsoft.com/developer/msbuild/2003">
  <ItemGroup>
    <Filter Include="Source Files">
      <UniqueIdentifier>{a8290279-3ac4-467c-b2d8-8462a68b0ad4}</UniqueIdentifier>
      <Extensions>cpp;c;cxx;rc;def;r;odl;idl;hpj;bat</Extensions>
    </Filter>
    <Filter Include="Header Files">
      <UniqueIdentifier>{15355bb7-df26-446e-92d3-0ff3b0cbda15}</UniqueIdentifier>
      <Extensions>h;hpp;hxx;hm;inl</Extensions>
    </Filter>
    <Filter Include="Resource Files">
      <UniqueIdentifier>{d6e3fbae-ceef-4e49-9b5b-81adf4c18c57}</UniqueIdentifier>
      <Extensions>ico;cur;bmp;dlg;rc2;rct;bin;rgs;gif;jpg;jpeg;jpe</Extensions>
    </Filter>
  </ItemGroup>
  <ItemGroup>
    <ClCompile Include="prog.c">
      <Filter>Source Files</Filter>
    </ClCompile>
    <ClCompile Include="snapshot.c">
      <Filter>Source Files</Filter>
    </ClCompile>
    <ClCompile Include="stdafx.c">
      <Filter>Source Files</Filter>
    </ClCompile>
    <ClCompile Include="tx81z.c">
      <Filter>Source Files</Filter>
    </ClCompile>
    <ClCompile Include="txlib.c">
      <Filter>Source Files</Filter>
    </ClCompile>
    <ClCompile Include="txpack.c">
      <Filter>Source Files</Filter>
    </ClCompile>
    <ClCompile Include="undo.c">
      <Filter>Source Files</Filter>
    </ClCompile>
    <ClCompile Include="msg\cdvlist.c">
      <Filter>Source Files</Filter>
    </ClCompile>
    <ClCompile Include="msg\file.c">
      <Filter>Source Files</Filter>
    </ClCompile>
    <ClCompile Include="msg\filepath.c">
      <Filter>Source Files</Filter>
    </ClCompile>
    <ClCompile Include="msg\random.c">
      <Filter>Source Files</Filter>
    </ClCompile>
    <ClCompile Include="msg\str.c">
      <Filter>Source Files</Filter>
    </ClCompile>
    <ClCompile Include="gui\area.c">
      <Filter>Source Files</Filter>
    </ClCompile>
    <ClCompile Include="gui\dialog.c">
      <Filter>Source Files</Filter>
    </ClCompile>
    <ClCompile Include="gui\font.c">
      <Filter>Source Files</Filter>
    </ClCompile>
    <ClCompile Include="gui\minifont.c">
      <Filter>Source Files</Filter>
    </ClCompile>
    <ClCompile Include="gui\msgbox.c">
      <Filter>Source Files</Filter>
    </ClCompile>
    <ClCompile Include="gui\rect.c">
      <Filter>Source Files</Filter>
    </ClCompile>
    <ClCompile Include="gui\registry.c">
      <Filter>Source Files</Filter>
    </ClCompile>
    <ClCompile Include="gui\window.c">
      <Filter>Source Files</Filter>
    </ClCompile>
    <ClCompile Include="dlg\aboutdlg.c">
      <Filter>Source Files</Filter>
    </ClCompile>
    <ClCompile Include="dlg\bndldlg.c">
      <Filter>Source Files</Filter>
    </ClCompile>
    <ClCompile Include="dlg\copyinstdlg.c">
      <Filter>Source Files</Filter>
    </ClCompile>
    <ClCompile Include="dlg\datadlg.c">
      <Filter>Source Files</Filter>
    </ClCompile>
    <ClCompile Include="dlg\diffdlg.c">
      <Filter>Source Files</Filter>
    </ClCompile>
    <ClCompile Include="dlg\exportdlg.c">
      <Filter>Source Files</Filter>
    </ClCompile>
    <ClCompile Include="dlg\fxdlg.c">
      <Filter>Source Files</Filter>
    </ClCompile>
    <ClCompile Include="dlg\importdlg.c">
      <Filter>Source Files</Filter>
    </ClCompile>
    <ClCompile Include="dlg\kybddlg.c">
      <Filter>Source Files</Filter>
    </ClCompile>
    <ClCompile Include="dlg\mtfdlg.c">
      <Filter>Source Files</Filter>
    </ClCompile>
    <ClCompile Include="dlg\mtgen.c">
      <Filter>Source Files</Filter>
    </ClCompile>
    <ClCompile Include="dlg\mtodlg.c">
      <Filter>Source Files</Filter>
    </ClCompile>
    <ClCompile Include="dlg\pcdlg.c">
      <Filter>Source Files</Filter>
    </ClCompile>
    <ClCompile Include="dlg\pfmdlg.c">
      <Filter>Source Files</Filter>
    </ClCompile>
    <ClCompile Include="dlg\recommentdlg.c">
      <Filter>Source Files</Filter>
    </ClCompile>
    <ClCompile Include="dlg\renamedlg.c">
      <Filter>Source Files</Filter>
    </ClCompile>
    <ClCompile Include="dlg\searchdlg.c">
      <Filter>Source Files</Filter>
    </ClCompile>
    <ClCompile Include="dlg\setupdlg.c">
      <Filter>Source Files</Filter>
    </ClCompile>
    <ClCompile Include="dlg\storedlg.c">
      <Filter>Source Files</Filter>
    </ClCompile>
    <ClCompile Include="dlg\sysdlg.c">
      <Filter>Source Files</Filter>
    </ClCompile>
    <ClCompile Include="dlg\voicedlg.c">
      <Filter>Source Files</Filter>
    </ClCompile>
    <ClCompile Include="ctrl\algctrl.c">
      <Filter>Source Files</Filter>
    </ClCompile>
    <ClCompile Include="ctrl\egctrl.c">
      <Filter>Source Files</Filter>
    </ClCompile>
    <ClCompile Include="ctrl\kybdctrl.c">
      <Filter>Source Files</Filter>
    </ClCompile>
    <ClCompile Include="ctrl\lcdctrl.c">
      <Filter>Source Files</Filter>
    </ClCompile>
    <ClCompile Include="ctrl\rpanel.c">
      <Filter>Source Files</Filter>
    </ClCompile>
    <ClCompile Include="ctrl\txlbx.c">
      <Filter>Source Files</Filter>
    </ClCompile>
    <ClCompile Include="ctrl\voicemenu.c">
      <Filter>Source Files</Filter>
    </ClCompile>
    <ClCompile Include="midi\midi.c">
      <Filter>Source Files</Filter>
    </ClCompile>
    <ClCompile Include="dlg\keynav.c">
      <Filter>Source Files</Filter>
    </ClCompile>
    <ClCompile Include="dlg\pfmnav.c">
      <Filter>Source Files</Filter>
    </ClCompile>
    <ClCompile Include="dlg\voicenav.c">
      <Filter>Source Files</Filter>
    </ClCompile>
    <ClCompile Include="midi\midierror.c">
      <Filter>Source Files</Filter>
    </ClCompile>
    <ClCompile Include="msg\msgerror.c">
      <Filter>Source Files</Filter>
    </ClCompile>
    <ClCompile Include="gui\guierror.c">
      <Filter>Source Files</Filter>
    </ClCompile>
    <ClCompile Include="dlg\filedlg.c">
      <Filter>Source Files</Filter>
    </ClCompile>
    <ClCompile Include="wnd\mainwnd.c">
      <Filter>Source Files</Filter>
    </ClCompile>
    <ClCompile Include="wnd\remotewnd.c">
      <Filter>Source Files</Filter>
    </ClCompile>
    <ClCompile Include="gui\menubtn.c">
      <Filter>Source Files</Filter>
    </ClCompile>
  </ItemGroup>
  <ItemGroup>
    <ResourceCompile Include="Tx81z.rc">
      <Filter>Source Files</Filter>
    </ResourceCompile>
  </ItemGroup>
  <ItemGroup>
    <ClInclude Include="guierror.h">
      <Filter>Header Files</Filter>
    </ClInclude>
    <ClInclude Include="midi.h">
      <Filter>Header Files</Filter>
    </ClInclude>
    <ClInclude Include="msgerror.h">
      <Filter>Header Files</Filter>
    </ClInclude>
    <ClInclude Include="prog.h">
      <Filter>Header Files</Filter>
    </ClInclude>
    <ClInclude Include="resource.h">
      <Filter>Header Files</Filter>
    </ClInclude>
    <ClInclude Include="snapshot.h">
      <Filter>Header Files</Filter>
    </ClInclude>
    <ClInclude Include="stdafx.h">
      <Filter>Header Files</Filter>
    </ClInclude>
    <ClInclude Include="tx81z.h">
      <Filter>Header Files</Filter>
    </ClInclude>
    <ClInclude Include="txlib.h">
      <Filter>Header Files</Filter>
    </ClInclude>
    <ClInclude Include="txpack.h">
      <Filter>Header Files</Filter>
    </ClInclude>
    <ClInclude Include="undo.h">
      <Filter>Header Files</Filter>
    </ClInclude>
    <ClInclude Include="gui\area.h">
      <Filter>Header Files</Filter>
    </ClInclude>
    <ClInclude Include="gui\colors.h">
      <Filter>Header Files</Filter>
    </ClInclude>
    <ClInclude Include="gui\dialog.h">
      <Filter>Header Files</Filter>
    </ClInclude>
    <ClInclude Include="gui\font.h">
      <Filter>Header Files</Filter>
    </ClInclude>
    <ClInclude Include="gui\minifont.h">
      <Filter>Header Files</Filter>
    </ClInclude>
    <ClInclude Include="gui\msgbox.h">
      <Filter>Header Files</Filter>
    </ClInclude>
    <ClInclude Include="gui\rect.h">
      <Filter>Header Files</Filter>
    </ClInclude>
    <ClInclude Include="gui\registry.h">
      <Filter>Header Files</Filter>
    </ClInclude>
    <ClInclude Include="gui\window.h">
      <Filter>Header Files</Filter>
    </ClInclude>
    <ClInclude Include="gui\winx.h">
      <Filter>Header Files</Filter>
    </ClInclude>
    <ClInclude Include="msg\cdvlist.h">
      <Filter>Header Files</Filter>
    </ClInclude>
    <ClInclude Include="msg\file.h">
      <Filter>Header Files</Filter>
    </ClInclude>
    <ClInclude Include="msg\filepath.h">
      <Filter>Header Files</Filter>
    </ClInclude>
    <ClInclude Include="msg\func.h">
      <Filter>Header Files</Filter>
    </ClInclude>
    <ClInclude Include="msg\macros.h">
      <Filter>Header Files</Filter>
    </ClInclude>
    <ClInclude Include="msg\random.h">
      <Filter>Header Files</Filter>
    </ClInclude>
    <ClInclude Include="msg\str.h">
      <Filter>Header Files</Filter>
    </ClInclude>
    <ClInclude Include="dlg\aboutdlg.h">
      <Filter>Header Files</Filter>
    </ClInclude>
    <ClInclude Include="dlg\bndldlg.h">
      <Filter>Header Files</Filter>
    </ClInclude>
    <ClInclude Include="dlg\copyinstdlg.h">
      <Filter>Header Files</Filter>
    </ClInclude>
    <ClInclude Include="dlg\datadlg.h">
      <Filter>Header Files</Filter>
    </ClInclude>
    <ClInclude Include="dlg\diffdlg.h">
      <Filter>Header Files</Filter>
    </ClInclude>
    <ClInclude Include="dlg\exportdlg.h">
      <Filter>Header Files</Filter>
    </ClInclude>
    <ClInclude Include="dlg\fxdlg.h">
      <Filter>Header Files</Filter>
    </ClInclude>
    <ClInclude Include="dlg\importdlg.h">
      <Filter>Header Files</Filter>
    </ClInclude>
    <ClInclude Include="dlg\kybddlg.h">
      <Filter>Header Files</Filter>
    </ClInclude>
    <ClInclude Include="dlg\mtfdlg.h">
      <Filter>Header Files</Filter>
    </ClInclude>
    <ClInclude Include="dlg\mtgen.h">
      <Filter>Header Files</Filter>
    </ClInclude>
    <ClInclude Include="dlg\mtodlg.h">
      <Filter>Header Files</Filter>
    </ClInclude>
    <ClInclude Include="dlg\pcdlg.h">
      <Filter>Header Files</Filter>
    </ClInclude>
    <ClInclude Include="dlg\pfmdlg.h">
      <Filter>Header Files</Filter>
    </ClInclude>
    <ClInclude Include="dlg\recommentdlg.h">
      <Filter>Header Files</Filter>
    </ClInclude>
    <ClInclude Include="dlg\renamedlg.h">
      <Filter>Header Files</Filter>
    </ClInclude>
    <ClInclude Include="dlg\searchdlg.h">
      <Filter>Header Files</Filter>
    </ClInclude>
    <ClInclude Include="dlg\storedlg.h">
      <Filter>Header Files</Filter>
    </ClInclude>
    <ClInclude Include="dlg\sysdlg.h">
      <Filter>Header Files</Filter>
    </ClInclude>
    <ClInclude Include="dlg\voicedlg.h">
      <Filter>Header Files</Filter>
    </ClInclude>
    <ClInclude Include="ctrl\algctrl.h">
      <Filter>Header Files</Filter>
    </ClInclude>
    <ClInclude Include="ctrl\egctrl.h">
      <Filter>Header Files</Filter>
    </ClInclude>
    <ClInclude Include="ctrl\kybdctrl.h">
      <Filter>Header Files</Filter>
    </ClInclude>
    <ClInclude Include="ctrl\lcdctrl.h">
      <Filter>Header Files</Filter>
    </ClInclude>
    <ClInclude Include="ctrl\rpanel.h">
      <Filter>Header Files</Filter>
    </ClInclude>
    <ClInclude Include="ctrl\txlbx.h">
      <Filter>Header Files</Filter>
    </ClInclude>
    <ClInclude Include="ctrl\voicemenu.h">
      <Filter>Header Files</Filter>
    </ClInclude>
    <ClInclude Include="dlg\keynav.h">
      <Filter>Header Files</Filter>
    </ClInclude>
    <ClInclude Include="dlg\pfmnav.h">
      <Filter>Header Files</Filter>
    </ClInclude>
    <ClInclude Include="dlg\voicenav.h">
      <Filter>Header Files</Filter>
    </ClInclude>
    <ClInclude Include="midi\midierror.h">
      <Filter>Header Files</Filter>
    </ClInclude>
    <ClInclude Include="gui\guierror.h">
      <Filter>Header Files</Filter>
    </ClInclude>
    <ClInclude Include="msg\msgerror.h">
      <Filter>Header Files</Filter>
    </ClInclude>
    <ClInclude Include="dlg\filedlg.h">
      <Filter>Header Files</Filter>
    </ClInclude>
    <ClInclude Include="wnd\mainwnd.h">
      <Filter>Header Files</Filter>
    </ClInclude>
    <ClInclude Include="wnd\remotewnd.h">
      <Filter>Header Files</Filter>
    </ClInclude>
    <ClInclude Include="gui\menubtn.h">
      <Filter>Header Files</Filter>
    </ClInclude>
  </ItemGroup>
  <ItemGroup>
    <Image Include="disabledrecomment.bmp">
      <Filter>Resource Files</Filter>
    </Image>
    <Image Include="left_arr.bmp">
      <Filter>Resource Files</Filter>
    </Image>
    <Image Include="res\logo.bmp">
      <Filter>Resource Files</Filter>
    </Image>
    <Image Include="menubtn.bmp">
      <Filter>Resource Files</Filter>
    </Image>
    <Image Include="menubtn.ico">
      <Filter>Resource Files</Filter>
    </Image>
    <Image Include="recomment.bmp">
      <Filter>Resource Files</Filter>
    </Image>
    <Image Include="right_arr.bmp">
      <Filter>Resource Files</Filter>
    </Image>
    <Image Include="res\Tx81z.ico">
      <Filter>Resource Files</Filter>
    </Image>
    <Image Include="Tx81z.ico">
      <Filter>Resource Files</Filter>
    </Image>
    <Image Include="res\Tx81z1.ico">
      <Filter>Resource Files</Filter>
    </Image>
    <Image Include="Tx81z1.ico">
      <Filter>Resource Files</Filter>
    </Image>
    <Image Include="res\Tx81z2.ico">
      <Filter>Resource Files</Filter>
    </Image>
    <Image Include="Tx81z2.ico">
      <Filter>Resource Files</Filter>
    </Image>
    <Image Include="res\Tx81z3.ico">
      <Filter>Resource Files</Filter>
    </Image>
    <Image Include="Tx81z3.ico">
      <Filter>Resource Files</Filter>
    </Image>
    <Image Include="res\Tx81z4.ico">
      <Filter>Resource Files</Filter>
    </Image>
    <Image Include="Tx81z4.ico">
      <Filter>Resource Files</Filter>
    </Image>
    <Image Include="res\Tx81z5.ico">
      <Filter>Resource Files</Filter>
    </Image>
    <Image Include="Tx81z5.ico">
      <Filter>Resource Files</Filter>
    </Image>
    <Image Include="res\Tx81z6.ico">
      <Filter>Resource Files</Filter>
    </Image>
    <Image Include="Tx81z6.ico">
      <Filter>Resource Files</Filter>
    </Image>
    <Image Include="res\Tx81z7.ico">
      <Filter>Resource Files</Filter>
    </Image>
    <Image Include="Tx81z7.ico">
      <Filter>Resource Files</Filter>
    </Image>
    <Image Include="res\Tx81z8.ico">
      <Filter>Resource Files</Filter>
    </Image>
    <Image Include="Tx81z8.ico">
      <Filter>Resource Files</Filter>
    </Image>
    <Image Include="res\Tx81z9.ico">
      <Filter>Resource Files</Filter>
    </Image>
    <Image Include="Tx81z9.ico">
      <Filter>Resource Files</Filter>
    </Image>
  </ItemGroup>
  <ItemGroup>
    <CustomBuild Include="finger.cur">
      <Filter>Resource Files</Filter>
    </CustomBuild>
    <CustomBuild Include="res\finger.cur">
      <Filter>Resource Files</Filter>
    </CustomBuild>
    <CustomBuild Include="hand.cur">
      <Filter>Resource Files</Filter>
    </CustomBuild>
    <CustomBuild Include="res\hand.cur">
      <Filter>Resource Files</Filter>
    </CustomBuild>
    <CustomBuild Include="res\link.cur">
      <Filter>Resource Files</Filter>
    </CustomBuild>
    <CustomBuild Include="split.cur">
      <Filter>Resource Files</Filter>
    </CustomBuild>
    <CustomBuild Include="res\splitD.cur">
      <Filter>Resource Files</Filter>
    </CustomBuild>
    <CustomBuild Include="splitD.cur">
      <Filter>Resource Files</Filter>
    </CustomBuild>
    <CustomBuild Include="splitdown.cur">
      <Filter>Resource Files</Filter>
    </CustomBuild>
    <CustomBuild Include="res\splitL.cur">
      <Filter>Resource Files</Filter>
    </CustomBuild>
    <CustomBuild Include="splitL.cur">
      <Filter>Resource Files</Filter>
    </CustomBuild>
    <CustomBuild Include="res\splitLR.cur">
      <Filter>Resource Files</Filter>
    </CustomBuild>
    <CustomBuild Include="splitLR.cur">
      <Filter>Resource Files</Filter>
    </CustomBuild>
    <CustomBuild Include="res\splitR.cur">
      <Filter>Resource Files</Filter>
    </CustomBuild>
    <CustomBuild Include="splitR.cur">
      <Filter>Resource Files</Filter>
    </CustomBuild>
    <CustomBuild Include="res\splitU.cur">
      <Filter>Resource Files</Filter>
    </CustomBuild>
    <CustomBuild Include="splitU.cur">
      <Filter>Resource Files</Filter>
    </CustomBuild>
    <CustomBuild Include="res\splitUD.cur">
      <Filter>Resource Files</Filter>
    </CustomBuild>
    <CustomBuild Include="splitUD.cur">
      <Filter>Resource Files</Filter>
    </CustomBuild>
    <CustomBuild Include="splitup.cur">
      <Filter>Resource Files</Filter>
    </CustomBuild>
  </ItemGroup>
</Project>